PODS:
  - Inspire (1.0.5)
  - ProHUD (1.0):
    - Inspire
    - SnapKit (= 4.2.0)
  - SnapKit (4.2.0)

DEPENDENCIES:
  - Inspire (= 1.0.5)
  - ProHUD (from `..`)
  - SnapKit (= 4.2.0)

SPEC REPOS:
  https://github.com/cocoapods/specs.git:
    - Inspire
    - SnapKit

EXTERNAL SOURCES:
  ProHUD:
    :path: ".."

SPEC CHECKSUMS:
  Inspire: fcd7b5ed3b30506b7f04645719b52e0a89884cd4
  ProHUD: 6e5ce4d0599f9b8d2481783368cb08947df7657f
  SnapKit: fe8a619752f3f27075cc9a90244d75c6c3f27e2a

PODFILE CHECKSUM: 973ed9d97f2f88c3dde66acf49139682be3748eb

COCOAPODS: 1.7.5
