{
  "object": {
    "pins": [
      {
        "package": "Inspire",
        "repositoryURL": "https://github.com/xaoxuu/Inspire.git",
        "state": {
          "branch": null,
          "revision": "05bdbf23e380b7b283f9ef5c5115e1c1e1d1ad97",
          "version": "2.2.0"
        }
      },
      {
        "package": "SnapKit",
        "repositoryURL": "https://github.com/SnapKit/SnapKit.git",
        "state": {
          "branch": null,
          "revision": "f222cbdf325885926566172f6f5f06af95473158",
          "version": "5.6.0"
        }
      }
    ]
  },
  "version": 1
}
