{
  "object": {
    "pins": [
      {
        "package": "Inspire",
        "repositoryURL": "https://github.com/xaoxuu/Inspire",
        "state": {
          "branch": "master",
          "revision": "cad0c64e6995a06ee3bf3ed7c632ad27c1b8ffb1",
          "version": null
        }
      },
      {
        "package": "ProHUD",
        "repositoryURL": "https://github.com/xaoxuu/ProHUD",
        "state": {
          "branch": "master",
          "revision": "d32d6f2dbec8d9464ead83be619d5c21fdb2a464",
          "version": null
        }
      },
      {
        "package": "SnapKit",
        "repositoryURL": "https://github.com/SnapKit/SnapKit.git",
        "state": {
          "branch": null,
          "revision": "d458564516e5676af9c70b4f4b2a9178294f1bc6",
          "version": "5.0.1"
        }
      }
    ]
  },
  "version": 1
}
