// !$*UTF8*$!
{
	archiveVersion = 1;
	classes = {
	};
	objectVersion = 60;
	objects = {

/* Begin PBXBuildFile section */
		CD6537BF28C3311B00A5981B /* ListModel.swift in Sources */ = {isa = PBXBuildFile; fileRef = CD6537BE28C3311B00A5981B /* ListModel.swift */; };
		CD6537C128C35E1C00A5981B /* ListVC.swift in Sources */ = {isa = PBXBuildFile; fileRef = CD6537C028C35E1C00A5981B /* ListVC.swift */; };
		CD6537C328C35E6200A5981B /* ToastVC.swift in Sources */ = {isa = PBXBuildFile; fileRef = CD6537C228C35E6200A5981B /* ToastVC.swift */; };
		CD6537C528C35F2C00A5981B /* SheetVC.swift in Sources */ = {isa = PBXBuildFile; fileRef = CD6537C428C35F2C00A5981B /* SheetVC.swift */; };
		CD6AE8A32A7CC1BA0044E53D /* SnapKit in Frameworks */ = {isa = PBXBuildFile; productRef = CD6AE8A22A7CC1BA0044E53D /* SnapKit */; };
		CD891BCD2A80B58E00848BBC /* SnapKit in Frameworks */ = {isa = PBXBuildFile; productRef = CD891BCC2A80B58E00848BBC /* SnapKit */; };
		CD8EEF3B28BC5C7200E660EA /* AppDelegate.swift in Sources */ = {isa = PBXBuildFile; fileRef = CD8EEF3A28BC5C7200E660EA /* AppDelegate.swift */; };
		CD8EEF3D28BC5C7200E660EA /* SceneDelegate.swift in Sources */ = {isa = PBXBuildFile; fileRef = CD8EEF3C28BC5C7200E660EA /* SceneDelegate.swift */; };
		CD8EEF4228BC5C7200E660EA /* Main.storyboard in Resources */ = {isa = PBXBuildFile; fileRef = CD8EEF4028BC5C7200E660EA /* Main.storyboard */; };
		CD8EEF4428BC5C7300E660EA /* Assets.xcassets in Resources */ = {isa = PBXBuildFile; fileRef = CD8EEF4328BC5C7300E660EA /* Assets.xcassets */; };
		CD8EEF4728BC5C7300E660EA /* LaunchScreen.storyboard in Resources */ = {isa = PBXBuildFile; fileRef = CD8EEF4528BC5C7300E660EA /* LaunchScreen.storyboard */; };
		CD9C7B1E28CB8972006190CD /* Extensions.swift in Sources */ = {isa = PBXBuildFile; fileRef = CD9C7B1D28CB8972006190CD /* Extensions.swift */; };
		CDA83DB928C601E60025F0DF /* TableHeaderView.swift in Sources */ = {isa = PBXBuildFile; fileRef = CDA83DB828C601E60025F0DF /* TableHeaderView.swift */; };
		CDB6A2A228BC5F4600DEC80D /* ProHUD in Frameworks */ = {isa = PBXBuildFile; productRef = CDB6A2A128BC5F4600DEC80D /* ProHUD */; };
		CDB7A1D028C32A7400E034D8 /* AlertVC.swift in Sources */ = {isa = PBXBuildFile; fileRef = CDB7A1CF28C32A7400E034D8 /* AlertVC.swift */; };
		CDCBAEC42A80D6FD00C30DE5 /* ProHUD in Frameworks */ = {isa = PBXBuildFile; productRef = CDCBAEC32A80D6FD00C30DE5 /* ProHUD */; };
/* End PBXBuildFile section */

/* Begin PBXFileReference section */
		CD6537BE28C3311B00A5981B /* ListModel.swift */ = {isa = PBXFileReference; lastKnownFileType = sourcecode.swift; path = ListModel.swift; sourceTree = "<group>"; };
		CD6537C028C35E1C00A5981B /* ListVC.swift */ = {isa = PBXFileReference; lastKnownFileType = sourcecode.swift; path = ListVC.swift; sourceTree = "<group>"; };
		CD6537C228C35E6200A5981B /* ToastVC.swift */ = {isa = PBXFileReference; lastKnownFileType = sourcecode.swift; path = ToastVC.swift; sourceTree = "<group>"; };
		CD6537C428C35F2C00A5981B /* SheetVC.swift */ = {isa = PBXFileReference; lastKnownFileType = sourcecode.swift; path = SheetVC.swift; sourceTree = "<group>"; };
		CD8EEF3728BC5C7200E660EA /* PHDemo.app */ = {isa = PBXFileReference; explicitFileType = wrapper.application; includeInIndex = 0; path = PHDemo.app; sourceTree = BUILT_PRODUCTS_DIR; };
		CD8EEF3A28BC5C7200E660EA /* AppDelegate.swift */ = {isa = PBXFileReference; lastKnownFileType = sourcecode.swift; path = AppDelegate.swift; sourceTree = "<group>"; };
		CD8EEF3C28BC5C7200E660EA /* SceneDelegate.swift */ = {isa = PBXFileReference; lastKnownFileType = sourcecode.swift; path = SceneDelegate.swift; sourceTree = "<group>"; };
		CD8EEF4128BC5C7200E660EA /* Base */ = {isa = PBXFileReference; lastKnownFileType = file.storyboard; name = Base; path = Base.lproj/Main.storyboard; sourceTree = "<group>"; };
		CD8EEF4328BC5C7300E660EA /* Assets.xcassets */ = {isa = PBXFileReference; lastKnownFileType = folder.assetcatalog; path = Assets.xcassets; sourceTree = "<group>"; };
		CD8EEF4628BC5C7300E660EA /* Base */ = {isa = PBXFileReference; lastKnownFileType = file.storyboard; name = Base; path = Base.lproj/LaunchScreen.storyboard; sourceTree = "<group>"; };
		CD8EEF4828BC5C7300E660EA /* Info.plist */ = {isa = PBXFileReference; lastKnownFileType = text.plist.xml; path = Info.plist; sourceTree = "<group>"; };
		CD9C7B1D28CB8972006190CD /* Extensions.swift */ = {isa = PBXFileReference; lastKnownFileType = sourcecode.swift; path = Extensions.swift; sourceTree = "<group>"; };
		CDA83DB828C601E60025F0DF /* TableHeaderView.swift */ = {isa = PBXFileReference; lastKnownFileType = sourcecode.swift; path = TableHeaderView.swift; sourceTree = "<group>"; };
		CDB7A1CF28C32A7400E034D8 /* AlertVC.swift */ = {isa = PBXFileReference; lastKnownFileType = sourcecode.swift; path = AlertVC.swift; sourceTree = "<group>"; };
/* End PBXFileReference section */

/* Begin PBXFrameworksBuildPhase section */
		CD8EEF3428BC5C7200E660EA /* Frameworks */ = {
			isa = PBXFrameworksBuildPhase;
			buildActionMask = 2147483647;
			files = (
				CDCBAEC42A80D6FD00C30DE5 /* ProHUD in Frameworks */,
				CD891BCD2A80B58E00848BBC /* SnapKit in Frameworks */,
				CDB6A2A228BC5F4600DEC80D /* ProHUD in Frameworks */,
				CD6AE8A32A7CC1BA0044E53D /* SnapKit in Frameworks */,
			);
			runOnlyForDeploymentPostprocessing = 0;
		};
/* End PBXFrameworksBuildPhase section */

/* Begin PBXGroup section */
		CD8EEF2E28BC5C7200E660EA = {
			isa = PBXGroup;
			children = (
				CD8EEF3928BC5C7200E660EA /* PHDemo */,
				CD8EEF3828BC5C7200E660EA /* Products */,
				CDB6A2A028BC5F4600DEC80D /* Frameworks */,
			);
			sourceTree = "<group>";
		};
		CD8EEF3828BC5C7200E660EA /* Products */ = {
			isa = PBXGroup;
			children = (
				CD8EEF3728BC5C7200E660EA /* PHDemo.app */,
			);
			name = Products;
			sourceTree = "<group>";
		};
		CD8EEF3928BC5C7200E660EA /* PHDemo */ = {
			isa = PBXGroup;
			children = (
				CD8EEF3A28BC5C7200E660EA /* AppDelegate.swift */,
				CD8EEF3C28BC5C7200E660EA /* SceneDelegate.swift */,
				CD6537BE28C3311B00A5981B /* ListModel.swift */,
				CDA83DB828C601E60025F0DF /* TableHeaderView.swift */,
				CD9C7B1D28CB8972006190CD /* Extensions.swift */,
				CD6537C028C35E1C00A5981B /* ListVC.swift */,
				CDB7A1CF28C32A7400E034D8 /* AlertVC.swift */,
				CD6537C228C35E6200A5981B /* ToastVC.swift */,
				CD6537C428C35F2C00A5981B /* SheetVC.swift */,
				CD8EEF4028BC5C7200E660EA /* Main.storyboard */,
				CD8EEF4328BC5C7300E660EA /* Assets.xcassets */,
				CD8EEF4528BC5C7300E660EA /* LaunchScreen.storyboard */,
				CD8EEF4828BC5C7300E660EA /* Info.plist */,
			);
			path = PHDemo;
			sourceTree = "<group>";
		};
		CDB6A2A028BC5F4600DEC80D /* Frameworks */ = {
			isa = PBXGroup;
			children = (
			);
			name = Frameworks;
			sourceTree = "<group>";
		};
/* End PBXGroup section */

/* Begin PBXNativeTarget section */
		CD8EEF3628BC5C7200E660EA /* PHDemo */ = {
			isa = PBXNativeTarget;
			buildConfigurationList = CD8EEF4B28BC5C7300E660EA /* Build configuration list for PBXNativeTarget "PHDemo" */;
			buildPhases = (
				CD8EEF3328BC5C7200E660EA /* Sources */,
				CD8EEF3428BC5C7200E660EA /* Frameworks */,
				CD8EEF3528BC5C7200E660EA /* Resources */,
			);
			buildRules = (
			);
			dependencies = (
			);
			name = PHDemo;
			packageProductDependencies = (
				CDB6A2A128BC5F4600DEC80D /* ProHUD */,
				CD6AE8A22A7CC1BA0044E53D /* SnapKit */,
				CD891BCC2A80B58E00848BBC /* SnapKit */,
				CDCBAEC32A80D6FD00C30DE5 /* ProHUD */,
			);
			productName = PHDemo;
			productReference = CD8EEF3728BC5C7200E660EA /* PHDemo.app */;
			productType = "com.apple.product-type.application";
		};
/* End PBXNativeTarget section */

/* Begin PBXProject section */
		CD8EEF2F28BC5C7200E660EA /* Project object */ = {
			isa = PBXProject;
			attributes = {
				BuildIndependentTargetsInParallel = 1;
				LastSwiftUpdateCheck = 1340;
				LastUpgradeCheck = 1340;
				TargetAttributes = {
					CD8EEF3628BC5C7200E660EA = {
						CreatedOnToolsVersion = 13.4.1;
					};
				};
			};
			buildConfigurationList = CD8EEF3228BC5C7200E660EA /* Build configuration list for PBXProject "PHDemo" */;
			compatibilityVersion = "Xcode 13.0";
			developmentRegion = en;
			hasScannedForEncodings = 0;
			knownRegions = (
				en,
				Base,
			);
			mainGroup = CD8EEF2E28BC5C7200E660EA;
			packageReferences = (
				CD891BCB2A80B58E00848BBC /* XCRemoteSwiftPackageReference "SnapKit" */,
				CDCBAEC22A80D6FD00C30DE5 /* XCLocalSwiftPackageReference ".." */,
			);
			productRefGroup = CD8EEF3828BC5C7200E660EA /* Products */;
			projectDirPath = "";
			projectRoot = "";
			targets = (
				CD8EEF3628BC5C7200E660EA /* PHDemo */,
			);
		};
/* End PBXProject section */

/* Begin PBXResourcesBuildPhase section */
		CD8EEF3528BC5C7200E660EA /* Resources */ = {
			isa = PBXResourcesBuildPhase;
			buildActionMask = 2147483647;
			files = (
				CD8EEF4728BC5C7300E660EA /* LaunchScreen.storyboard in Resources */,
				CD8EEF4428BC5C7300E660EA /* Assets.xcassets in Resources */,
				CD8EEF4228BC5C7200E660EA /* Main.storyboard in Resources */,
			);
			runOnlyForDeploymentPostprocessing = 0;
		};
/* End PBXResourcesBuildPhase section */

/* Begin PBXSourcesBuildPhase section */
		CD8EEF3328BC5C7200E660EA /* Sources */ = {
			isa = PBXSourcesBuildPhase;
			buildActionMask = 2147483647;
			files = (
				CDA83DB928C601E60025F0DF /* TableHeaderView.swift in Sources */,
				CD6537C528C35F2C00A5981B /* SheetVC.swift in Sources */,
				CD6537C328C35E6200A5981B /* ToastVC.swift in Sources */,
				CDB7A1D028C32A7400E034D8 /* AlertVC.swift in Sources */,
				CD6537C128C35E1C00A5981B /* ListVC.swift in Sources */,
				CD8EEF3B28BC5C7200E660EA /* AppDelegate.swift in Sources */,
				CD8EEF3D28BC5C7200E660EA /* SceneDelegate.swift in Sources */,
				CD9C7B1E28CB8972006190CD /* Extensions.swift in Sources */,
				CD6537BF28C3311B00A5981B /* ListModel.swift in Sources */,
			);
			runOnlyForDeploymentPostprocessing = 0;
		};
/* End PBXSourcesBuildPhase section */

/* Begin PBXVariantGroup section */
		CD8EEF4028BC5C7200E660EA /* Main.storyboard */ = {
			isa = PBXVariantGroup;
			children = (
				CD8EEF4128BC5C7200E660EA /* Base */,
			);
			name = Main.storyboard;
			sourceTree = "<group>";
		};
		CD8EEF4528BC5C7300E660EA /* LaunchScreen.storyboard */ = {
			isa = PBXVariantGroup;
			children = (
				CD8EEF4628BC5C7300E660EA /* Base */,
			);
			name = LaunchScreen.storyboard;
			sourceTree = "<group>";
		};
/* End PBXVariantGroup section */

/* Begin XCBuildConfiguration section */
		CD8EEF4928BC5C7300E660EA /* Debug */ = {
			isa = XCBuildConfiguration;
			buildSettings = {
				ALWAYS_SEARCH_USER_PATHS = NO;
				CLANG_ANALYZER_NONNULL = YES;
				CLANG_ANALYZER_NUMBER_OBJECT_CONVERSION = YES_AGGRESSIVE;
				CLANG_CXX_LANGUAGE_STANDARD = "gnu++17";
				CLANG_ENABLE_MODULES = YES;
				CLANG_ENABLE_OBJC_ARC = YES;
				CLANG_ENABLE_OBJC_WEAK = YES;
				CLANG_WARN_BLOCK_CAPTURE_AUTORELEASING = YES;
				CLANG_WARN_BOOL_CONVERSION = YES;
				CLANG_WARN_COMMA = YES;
				CLANG_WARN_CONSTANT_CONVERSION = YES;
				CLANG_WARN_DEPRECATED_OBJC_IMPLEMENTATIONS = YES;
				CLANG_WARN_DIRECT_OBJC_ISA_USAGE = YES_ERROR;
				CLANG_WARN_DOCUMENTATION_COMMENTS = YES;
				CLANG_WARN_EMPTY_BODY = YES;
				CLANG_WARN_ENUM_CONVERSION = YES;
				CLANG_WARN_INFINITE_RECURSION = YES;
				CLANG_WARN_INT_CONVERSION = YES;
				CLANG_WARN_NON_LITERAL_NULL_CONVERSION = YES;
				CLANG_WARN_OBJC_IMPLICIT_RETAIN_SELF = YES;
				CLANG_WARN_OBJC_LITERAL_CONVERSION = YES;
				CLANG_WARN_OBJC_ROOT_CLASS = YES_ERROR;
				CLANG_WARN_QUOTED_INCLUDE_IN_FRAMEWORK_HEADER = YES;
				CLANG_WARN_RANGE_LOOP_ANALYSIS = YES;
				CLANG_WARN_STRICT_PROTOTYPES = YES;
				CLANG_WARN_SUSPICIOUS_MOVE = YES;
				CLANG_WARN_UNGUARDED_AVAILABILITY = YES_AGGRESSIVE;
				CLANG_WARN_UNREACHABLE_CODE = YES;
				CLANG_WARN__DUPLICATE_METHOD_MATCH = YES;
				COPY_PHASE_STRIP = NO;
				DEBUG_INFORMATION_FORMAT = dwarf;
				ENABLE_STRICT_OBJC_MSGSEND = YES;
				ENABLE_TESTABILITY = YES;
				GCC_C_LANGUAGE_STANDARD = gnu11;
				GCC_DYNAMIC_NO_PIC = NO;
				GCC_NO_COMMON_BLOCKS = YES;
				GCC_OPTIMIZATION_LEVEL = 0;
				GCC_PREPROCESSOR_DEFINITIONS = (
					"DEBUG=1",
					"$(inherited)",
				);
				GCC_WARN_64_TO_32_BIT_CONVERSION = YES;
				GCC_WARN_ABOUT_RETURN_TYPE = YES_ERROR;
				GCC_WARN_UNDECLARED_SELECTOR = YES;
				GCC_WARN_UNINITIALIZED_AUTOS = YES_AGGRESSIVE;
				GCC_WARN_UNUSED_FUNCTION = YES;
				GCC_WARN_UNUSED_VARIABLE = YES;
				IPHONEOS_DEPLOYMENT_TARGET = 15.5;
				MTL_ENABLE_DEBUG_INFO = INCLUDE_SOURCE;
				MTL_FAST_MATH = YES;
				ONLY_ACTIVE_ARCH = YES;
				SDKROOT = iphoneos;
				SWIFT_ACTIVE_COMPILATION_CONDITIONS = DEBUG;
				SWIFT_OPTIMIZATION_LEVEL = "-Onone";
			};
			name = Debug;
		};
		CD8EEF4A28BC5C7300E660EA /* Release */ = {
			isa = XCBuildConfiguration;
			buildSettings = {
				ALWAYS_SEARCH_USER_PATHS = NO;
				CLANG_ANALYZER_NONNULL = YES;
				CLANG_ANALYZER_NUMBER_OBJECT_CONVERSION = YES_AGGRESSIVE;
				CLANG_CXX_LANGUAGE_STANDARD = "gnu++17";
				CLANG_ENABLE_MODULES = YES;
				CLANG_ENABLE_OBJC_ARC = YES;
				CLANG_ENABLE_OBJC_WEAK = YES;
				CLANG_WARN_BLOCK_CAPTURE_AUTORELEASING = YES;
				CLANG_WARN_BOOL_CONVERSION = YES;
				CLANG_WARN_COMMA = YES;
				CLANG_WARN_CONSTANT_CONVERSION = YES;
				CLANG_WARN_DEPRECATED_OBJC_IMPLEMENTATIONS = YES;
				CLANG_WARN_DIRECT_OBJC_ISA_USAGE = YES_ERROR;
				CLANG_WARN_DOCUMENTATION_COMMENTS = YES;
				CLANG_WARN_EMPTY_BODY = YES;
				CLANG_WARN_ENUM_CONVERSION = YES;
				CLANG_WARN_INFINITE_RECURSION = YES;
				CLANG_WARN_INT_CONVERSION = YES;
				CLANG_WARN_NON_LITERAL_NULL_CONVERSION = YES;
				CLANG_WARN_OBJC_IMPLICIT_RETAIN_SELF = YES;
				CLANG_WARN_OBJC_LITERAL_CONVERSION = YES;
				CLANG_WARN_OBJC_ROOT_CLASS = YES_ERROR;
				CLANG_WARN_QUOTED_INCLUDE_IN_FRAMEWORK_HEADER = YES;
				CLANG_WARN_RANGE_LOOP_ANALYSIS = YES;
				CLANG_WARN_STRICT_PROTOTYPES = YES;
				CLANG_WARN_SUSPICIOUS_MOVE = YES;
				CLANG_WARN_UNGUARDED_AVAILABILITY = YES_AGGRESSIVE;
				CLANG_WARN_UNREACHABLE_CODE = YES;
				CLANG_WARN__DUPLICATE_METHOD_MATCH = YES;
				COPY_PHASE_STRIP = NO;
				DEBUG_INFORMATION_FORMAT = "dwarf-with-dsym";
				ENABLE_NS_ASSERTIONS = NO;
				ENABLE_STRICT_OBJC_MSGSEND = YES;
				GCC_C_LANGUAGE_STANDARD = gnu11;
				GCC_NO_COMMON_BLOCKS = YES;
				GCC_WARN_64_TO_32_BIT_CONVERSION = YES;
				GCC_WARN_ABOUT_RETURN_TYPE = YES_ERROR;
				GCC_WARN_UNDECLARED_SELECTOR = YES;
				GCC_WARN_UNINITIALIZED_AUTOS = YES_AGGRESSIVE;
				GCC_WARN_UNUSED_FUNCTION = YES;
				GCC_WARN_UNUSED_VARIABLE = YES;
				IPHONEOS_DEPLOYMENT_TARGET = 15.5;
				MTL_ENABLE_DEBUG_INFO = NO;
				MTL_FAST_MATH = YES;
				SDKROOT = iphoneos;
				SWIFT_COMPILATION_MODE = wholemodule;
				SWIFT_OPTIMIZATION_LEVEL = "-O";
				VALIDATE_PRODUCT = YES;
			};
			name = Release;
		};
		CD8EEF4C28BC5C7300E660EA /* Debug */ = {
			isa = XCBuildConfiguration;
			buildSettings = {
				ASSETCATALOG_COMPILER_APPICON_NAME = AppIcon;
				ASSETCATALOG_COMPILER_GLOBAL_ACCENT_COLOR_NAME = AccentColor;
				CODE_SIGN_STYLE = Automatic;
				CURRENT_PROJECT_VERSION = 1;
				DEVELOPMENT_TEAM = DASH6JFSDW;
				GENERATE_INFOPLIST_FILE = YES;
				INFOPLIST_FILE = PHDemo/Info.plist;
				INFOPLIST_KEY_UIApplicationSupportsIndirectInputEvents = YES;
				INFOPLIST_KEY_UILaunchStoryboardName = LaunchScreen;
				INFOPLIST_KEY_UIMainStoryboardFile = Main;
				INFOPLIST_KEY_UISupportedInterfaceOrientations_iPad = "UIInterfaceOrientationPortrait UIInterfaceOrientationPortraitUpsideDown UIInterfaceOrientationLandscapeLeft UIInterfaceOrientationLandscapeRight";
				INFOPLIST_KEY_UISupportedInterfaceOrientations_iPhone = "UIInterfaceOrientationPortrait UIInterfaceOrientationLandscapeLeft UIInterfaceOrientationLandscapeRight";
				IPHONEOS_DEPLOYMENT_TARGET = 13.0;
				LD_RUNPATH_SEARCH_PATHS = (
					"$(inherited)",
					"@executable_path/Frameworks",
				);
				MARKETING_VERSION = 1.0;
				PRODUCT_BUNDLE_IDENTIFIER = com.xaoxuu.PHDemo;
				PRODUCT_NAME = "$(TARGET_NAME)";
				SWIFT_EMIT_LOC_STRINGS = YES;
				SWIFT_VERSION = 5.0;
				TARGETED_DEVICE_FAMILY = "1,2";
			};
			name = Debug;
		};
		CD8EEF4D28BC5C7300E660EA /* Release */ = {
			isa = XCBuildConfiguration;
			buildSettings = {
				ASSETCATALOG_COMPILER_APPICON_NAME = AppIcon;
				ASSETCATALOG_COMPILER_GLOBAL_ACCENT_COLOR_NAME = AccentColor;
				CODE_SIGN_STYLE = Automatic;
				CURRENT_PROJECT_VERSION = 1;
				DEVELOPMENT_TEAM = DASH6JFSDW;
				GENERATE_INFOPLIST_FILE = YES;
				INFOPLIST_FILE = PHDemo/Info.plist;
				INFOPLIST_KEY_UIApplicationSupportsIndirectInputEvents = YES;
				INFOPLIST_KEY_UILaunchStoryboardName = LaunchScreen;
				INFOPLIST_KEY_UIMainStoryboardFile = Main;
				INFOPLIST_KEY_UISupportedInterfaceOrientations_iPad = "UIInterfaceOrientationPortrait UIInterfaceOrientationPortraitUpsideDown UIInterfaceOrientationLandscapeLeft UIInterfaceOrientationLandscapeRight";
				INFOPLIST_KEY_UISupportedInterfaceOrientations_iPhone = "UIInterfaceOrientationPortrait UIInterfaceOrientationLandscapeLeft UIInterfaceOrientationLandscapeRight";
				IPHONEOS_DEPLOYMENT_TARGET = 13.0;
				LD_RUNPATH_SEARCH_PATHS = (
					"$(inherited)",
					"@executable_path/Frameworks",
				);
				MARKETING_VERSION = 1.0;
				PRODUCT_BUNDLE_IDENTIFIER = com.xaoxuu.PHDemo;
				PRODUCT_NAME = "$(TARGET_NAME)";
				SWIFT_EMIT_LOC_STRINGS = YES;
				SWIFT_VERSION = 5.0;
				TARGETED_DEVICE_FAMILY = "1,2";
			};
			name = Release;
		};
/* End XCBuildConfiguration section */

/* Begin XCConfigurationList section */
		CD8EEF3228BC5C7200E660EA /* Build configuration list for PBXProject "PHDemo" */ = {
			isa = XCConfigurationList;
			buildConfigurations = (
				CD8EEF4928BC5C7300E660EA /* Debug */,
				CD8EEF4A28BC5C7300E660EA /* Release */,
			);
			defaultConfigurationIsVisible = 0;
			defaultConfigurationName = Release;
		};
		CD8EEF4B28BC5C7300E660EA /* Build configuration list for PBXNativeTarget "PHDemo" */ = {
			isa = XCConfigurationList;
			buildConfigurations = (
				CD8EEF4C28BC5C7300E660EA /* Debug */,
				CD8EEF4D28BC5C7300E660EA /* Release */,
			);
			defaultConfigurationIsVisible = 0;
			defaultConfigurationName = Release;
		};
/* End XCConfigurationList section */

/* Begin XCLocalSwiftPackageReference section */
		CDCBAEC22A80D6FD00C30DE5 /* XCLocalSwiftPackageReference ".." */ = {
			isa = XCLocalSwiftPackageReference;
			relativePath = ..;
		};
/* End XCLocalSwiftPackageReference section */

/* Begin XCRemoteSwiftPackageReference section */
		CD891BCB2A80B58E00848BBC /* XCRemoteSwiftPackageReference "SnapKit" */ = {
			isa = XCRemoteSwiftPackageReference;
			repositoryURL = "https://git.xaox.cc/mirrors/SnapKit.git";
			requirement = {
				kind = upToNextMajorVersion;
				minimumVersion = 5.6.0;
			};
		};
/* End XCRemoteSwiftPackageReference section */

/* Begin XCSwiftPackageProductDependency section */
		CD6AE8A22A7CC1BA0044E53D /* SnapKit */ = {
			isa = XCSwiftPackageProductDependency;
			productName = SnapKit;
		};
		CD891BCC2A80B58E00848BBC /* SnapKit */ = {
			isa = XCSwiftPackageProductDependency;
			package = CD891BCB2A80B58E00848BBC /* XCRemoteSwiftPackageReference "SnapKit" */;
			productName = SnapKit;
		};
		CDB6A2A128BC5F4600DEC80D /* ProHUD */ = {
			isa = XCSwiftPackageProductDependency;
			productName = ProHUD;
		};
		CDCBAEC32A80D6FD00C30DE5 /* ProHUD */ = {
			isa = XCSwiftPackageProductDependency;
			productName = ProHUD;
		};
/* End XCSwiftPackageProductDependency section */
	};
	rootObject = CD8EEF2F28BC5C7200E660EA /* Project object */;
}
