{
  "object": {
    "pins": [
      {
        "package": "Inspire",
        "repositoryURL": "https://github.com/xaoxuu/Inspire",
        "state": {
          "branch": null,
          "revision": "fed13e3530ca38f884d190ea5c7b12b8f3b2a41b",
          "version": "2.0.0"
        }
      },
      {
        "package": "SnapKit",
        "repositoryURL": "https://github.com/SnapKit/SnapKit",
        "state": {
          "branch": null,
          "revision": "d458564516e5676af9c70b4f4b2a9178294f1bc6",
          "version": "5.0.1"
        }
      }
    ]
  },
  "version": 1
}
