PODS:
  - Inspire (2.1.0)
  - ProHUD (1.0):
    - Inspire
    - SnapKit (= 5.0)
  - SnapKit (5.0.0)

DEPENDENCIES:
  - Inspire (from `../../Inspire`)
  - ProHUD (from `..`)
  - SnapKit (= 5.0.0)

SPEC REPOS:
  trunk:
    - SnapKit

EXTERNAL SOURCES:
  Inspire:
    :path: "../../Inspire"
  ProHUD:
    :path: ".."

SPEC CHECKSUMS:
  Inspire: 087dce1e4ff902d26d79bd3453352af09411c172
  ProHUD: 7128b55036885ac4f8b4d0b0783ee6f8eb3a2ea9
  SnapKit: fd22d10eb9aff484d79a8724eab922c1ddf89bcf

PODFILE CHECKSUM: 80148eec6ba2e9631b208c7b277316b6c551afc4

COCOAPODS: 1.10.1
